
Microsoft Visual Studio Solution File, Format Version 12.00
# Visual Studio Version 17
VisualStudioVersion = 17.8.34330.188
MinimumVisualStudioVersion = 10.0.40219.1
Project("{888888A0-9F3D-457C-B088-3A5042F75D52}") = "RecursionAndIteration", "RecursionAndIteration.pyproj", "{97B1DADC-BD83-401F-8204-A2300BD61A77}"
EndProject
Global
	GlobalSection(SolutionConfigurationPlatforms) = preSolution
		Debug|Any CPU = Debug|Any CPU
		Release|Any CPU = Release|Any CPU
	EndGlobalSection
	GlobalSection(ProjectConfigurationPlatforms) = postSolution
		{97B1DADC-BD83-401F-8204-A2300BD61A77}.Debug|Any CPU.ActiveCfg = Debug|Any CPU
		{97B1DADC-BD83-401F-8204-A2300BD61A77}.Release|Any CPU.ActiveCfg = Release|Any CPU
	EndGlobalSection
	GlobalSection(SolutionProperties) = preSolution
		HideSolutionNode = FALSE
	EndGlobalSection
	GlobalSection(ExtensibilityGlobals) = postSolution
		SolutionGuid = {B8DCEEC5-4437-44E1-B643-6C46C7C00A38}
	EndGlobalSection
EndGlobal
